{
  "name": "dashclaw-example-openai-agent",
  "version": "1.0.0",
  "lockfileVersion": 3,
  "requires": true,
  "packages": {
    "": {
      "name": "dashclaw-example-openai-agent",
      "version": "1.0.0",
      "dependencies": {
        "dashclaw": "file:../../sdk"
      }
    },
    "../../sdk": {
      "name": "dashclaw",
      "version": "2.1.1",
      "license": "MIT",
      "devDependencies": {},
      "engines": {
        "node": ">=18.0.0"
      }
    },
    "node_modules/dashclaw": {
      "resolved": "../../sdk",
      "link": true
    }
  }
}
